
Microsoft Visual Studio Solution File, Format Version 12.00
# Visual Studio Version 16
VisualStudioVersion = 16.0.29806.167
MinimumVisualStudioVersion = 10.0.40219.1
Project("{8BC9CEB8-8B4A-11D0-8D11-00A0C91BC942}") = "Lab1OOP", "Lab1OOP\Lab1OOP.vcxproj", "{FC021B0F-EEB9-4EA6-8ED2-7F504828A9EA}"
EndProject
Global
	GlobalSection(SolutionConfigurationPlatforms) = preSolution
		Debug|x64 = Debug|x64
		Debug|x86 = Debug|x86
		Release|x64 = Release|x64
		Release|x86 = Release|x86
	EndGlobalSection
	GlobalSection(ProjectConfigurationPlatforms) = postSolution
		{FC021B0F-EEB9-4EA6-8ED2-7F504828A9EA}.Debug|x64.ActiveCfg = Debug|x64
		{FC021B0F-EEB9-4EA6-8ED2-7F504828A9EA}.Debug|x64.Build.0 = Debug|x64
		{FC021B0F-EEB9-4EA6-8ED2-7F504828A9EA}.Debug|x86.ActiveCfg = Debug|Win32
		{FC021B0F-EEB9-4EA6-8ED2-7F504828A9EA}.Debug|x86.Build.0 = Debug|Win32
		{FC021B0F-EEB9-4EA6-8ED2-7F504828A9EA}.Release|x64.ActiveCfg = Release|x64
		{FC021B0F-EEB9-4EA6-8ED2-7F504828A9EA}.Release|x64.Build.0 = Release|x64
		{FC021B0F-EEB9-4EA6-8ED2-7F504828A9EA}.Release|x86.ActiveCfg = Release|Win32
		{FC021B0F-EEB9-4EA6-8ED2-7F504828A9EA}.Release|x86.Build.0 = Release|Win32
	EndGlobalSection
	GlobalSection(SolutionProperties) = preSolution
		HideSolutionNode = FALSE
	EndGlobalSection
	GlobalSection(ExtensibilityGlobals) = postSolution
		SolutionGuid = {11460225-6850-43D8-B91C-EDF91345B153}
	EndGlobalSection
EndGlobal
